
Microsoft Visual Studio Solution File, Format Version 12.00
# Visual Studio 15
Project("{FAE04EC0-301F-11D3-BF4B-00C04F79EFBC}") = "Assembly-CSharp", "Assembly-CSharp.csproj", "{4BE80660-24D8-1D38-5C2E-961B2EE8BDAD}"
EndProject
Global
	GlobalSection(SolutionConfigurationPlatforms) = preSolution
		Debug|Any CPU = Debug|Any CPU
		Release|Any CPU = Release|Any CPU
	EndGlobalSection
	GlobalSection(ProjectConfigurationPlatforms) = postSolution
		{4BE80660-24D8-1D38-5C2E-961B2EE8BDAD}.Debug|Any CPU.ActiveCfg = Debug|Any CPU
		{4BE80660-24D8-1D38-5C2E-961B2EE8BDAD}.Debug|Any CPU.Build.0 = Debug|Any CPU
		{4BE80660-24D8-1D38-5C2E-961B2EE8BDAD}.Release|Any CPU.ActiveCfg = Release|Any CPU
		{4BE80660-24D8-1D38-5C2E-961B2EE8BDAD}.Release|Any CPU.Build.0 = Release|Any CPU
	EndGlobalSection
	GlobalSection(SolutionProperties) = preSolution
		HideSolutionNode = FALSE
	EndGlobalSection
EndGlobal
